
Microsoft Visual Studio Solution File, Format Version 12.00
# Visual Studio Version 17
VisualStudioVersion = 17.14.36623.8
MinimumVisualStudioVersion = 10.0.40219.1
Project("{FAE04EC0-301F-11D3-BF4B-00C04F79EFBC}") = "Farmaceutica", "Farmaceutica.csproj", "{8F37DA86-406D-45C7-9105-4AB236F0D5C0}"
EndProject
Global
	GlobalSection(SolutionConfigurationPlatforms) = preSolution
		Debug|Any CPU = Debug|Any CPU
		Release|Any CPU = Release|Any CPU
	EndGlobalSection
	GlobalSection(ProjectConfigurationPlatforms) = postSolution
		{8F37DA86-406D-45C7-9105-4AB236F0D5C0}.Debug|Any CPU.ActiveCfg = Debug|Any CPU
		{8F37DA86-406D-45C7-9105-4AB236F0D5C0}.Debug|Any CPU.Build.0 = Debug|Any CPU
		{8F37DA86-406D-45C7-9105-4AB236F0D5C0}.Release|Any CPU.ActiveCfg = Release|Any CPU
		{8F37DA86-406D-45C7-9105-4AB236F0D5C0}.Release|Any CPU.Build.0 = Release|Any CPU
	EndGlobalSection
	GlobalSection(SolutionProperties) = preSolution
		HideSolutionNode = FALSE
	EndGlobalSection
	GlobalSection(ExtensibilityGlobals) = postSolution
		SolutionGuid = {1842254E-FD3A-415C-9B3F-A3D678FFE2A8}
	EndGlobalSection
EndGlobal
